
Microsoft Visual Studio Solution File, Format Version 12.00
# Visual Studio Version 17
VisualStudioVersion = 17.11.35005.142
MinimumVisualStudioVersion = 10.0.40219.1
Project("{2150E333-8FDC-42A3-9474-1A3956D46DE8}") = "NLayer", "NLayer", "{53385364-FA9E-4692-83E4-8ADDC4CDE3E6}"
EndProject
Project("{FAE04EC0-301F-11D3-BF4B-00C04F79EFBC}") = "DotNet8.Architectures.NLayer.Presentation", "DotNet8.Architectures.NLayer.Presentation\DotNet8.Architectures.NLayer.Presentation.csproj", "{BF6A6CDD-89AA-4716-B8BE-59E9ADA937CC}"
EndProject
Project("{FAE04EC0-301F-11D3-BF4B-00C04F79EFBC}") = "DotNet8.Architectures.NLayer.BusinessLogic", "DotNet8.Architectures.NLayer.BusinessLogic\DotNet8.Architectures.NLayer.BusinessLogic.csproj", "{5F21F580-5CEB-4785-A673-3797B7871E17}"
EndProject
Project("{FAE04EC0-301F-11D3-BF4B-00C04F79EFBC}") = "DotNet8.Architectures.NLayer.DataAccess", "DotNet8.Architectures.NLayer.DataAccess\DotNet8.Architectures.NLayer.DataAccess.csproj", "{F3177D77-26D3-4A03-BBE5-392A762FBE97}"
EndProject
Project("{2150E333-8FDC-42A3-9474-1A3956D46DE8}") = "Shared", "Shared", "{904AA748-3893-4AF4-AE89-B73B0D4546EA}"
EndProject
Project("{FAE04EC0-301F-11D3-BF4B-00C04F79EFBC}") = "DotNet8.Architectures.DbService", "DotNet8.Architectures.DbService\DotNet8.Architectures.DbService.csproj", "{07431C18-CD82-41D2-83F4-C907888883C3}"
EndProject
Project("{FAE04EC0-301F-11D3-BF4B-00C04F79EFBC}") = "DotNet8.Architectures.Shared", "DotNet8.Architectures.Shared\DotNet8.Architectures.Shared.csproj", "{EAEE1DE5-81BA-4F43-969C-284B720CC695}"
EndProject
Project("{FAE04EC0-301F-11D3-BF4B-00C04F79EFBC}") = "DotNet8.Architectures.DTOs", "DotNet8.Architectures.DTOs\DotNet8.Architectures.DTOs.csproj", "{9344266A-BDBD-4F50-89D1-C64CF946E823}"
EndProject
Project("{FAE04EC0-301F-11D3-BF4B-00C04F79EFBC}") = "DotNet8.Architectures.Utils", "DotNet8.Architectures.Utils\DotNet8.Architectures.Utils.csproj", "{E84133CA-0B6F-4584-8251-83ED9DA7F8BC}"
EndProject
Global
	GlobalSection(SolutionConfigurationPlatforms) = preSolution
		Debug|Any CPU = Debug|Any CPU
		Release|Any CPU = Release|Any CPU
	EndGlobalSection
	GlobalSection(ProjectConfigurationPlatforms) = postSolution
		{BF6A6CDD-89AA-4716-B8BE-59E9ADA937CC}.Debug|Any CPU.ActiveCfg = Debug|Any CPU
		{BF6A6CDD-89AA-4716-B8BE-59E9ADA937CC}.Debug|Any CPU.Build.0 = Debug|Any CPU
		{BF6A6CDD-89AA-4716-B8BE-59E9ADA937CC}.Release|Any CPU.ActiveCfg = Release|Any CPU
		{BF6A6CDD-89AA-4716-B8BE-59E9ADA937CC}.Release|Any CPU.Build.0 = Release|Any CPU
		{5F21F580-5CEB-4785-A673-3797B7871E17}.Debug|Any CPU.ActiveCfg = Debug|Any CPU
		{5F21F580-5CEB-4785-A673-3797B7871E17}.Debug|Any CPU.Build.0 = Debug|Any CPU
		{5F21F580-5CEB-4785-A673-3797B7871E17}.Release|Any CPU.ActiveCfg = Release|Any CPU
		{5F21F580-5CEB-4785-A673-3797B7871E17}.Release|Any CPU.Build.0 = Release|Any CPU
		{F3177D77-26D3-4A03-BBE5-392A762FBE97}.Debug|Any CPU.ActiveCfg = Debug|Any CPU
		{F3177D77-26D3-4A03-BBE5-392A762FBE97}.Debug|Any CPU.Build.0 = Debug|Any CPU
		{F3177D77-26D3-4A03-BBE5-392A762FBE97}.Release|Any CPU.ActiveCfg = Release|Any CPU
		{F3177D77-26D3-4A03-BBE5-392A762FBE97}.Release|Any CPU.Build.0 = Release|Any CPU
		{07431C18-CD82-41D2-83F4-C907888883C3}.Debug|Any CPU.ActiveCfg = Debug|Any CPU
		{07431C18-CD82-41D2-83F4-C907888883C3}.Debug|Any CPU.Build.0 = Debug|Any CPU
		{07431C18-CD82-41D2-83F4-C907888883C3}.Release|Any CPU.ActiveCfg = Release|Any CPU
		{07431C18-CD82-41D2-83F4-C907888883C3}.Release|Any CPU.Build.0 = Release|Any CPU
		{EAEE1DE5-81BA-4F43-969C-284B720CC695}.Debug|Any CPU.ActiveCfg = Debug|Any CPU
		{EAEE1DE5-81BA-4F43-969C-284B720CC695}.Debug|Any CPU.Build.0 = Debug|Any CPU
		{EAEE1DE5-81BA-4F43-969C-284B720CC695}.Release|Any CPU.ActiveCfg = Release|Any CPU
		{EAEE1DE5-81BA-4F43-969C-284B720CC695}.Release|Any CPU.Build.0 = Release|Any CPU
		{9344266A-BDBD-4F50-89D1-C64CF946E823}.Debug|Any CPU.ActiveCfg = Debug|Any CPU
		{9344266A-BDBD-4F50-89D1-C64CF946E823}.Debug|Any CPU.Build.0 = Debug|Any CPU
		{9344266A-BDBD-4F50-89D1-C64CF946E823}.Release|Any CPU.ActiveCfg = Release|Any CPU
		{9344266A-BDBD-4F50-89D1-C64CF946E823}.Release|Any CPU.Build.0 = Release|Any CPU
		{E84133CA-0B6F-4584-8251-83ED9DA7F8BC}.Debug|Any CPU.ActiveCfg = Debug|Any CPU
		{E84133CA-0B6F-4584-8251-83ED9DA7F8BC}.Debug|Any CPU.Build.0 = Debug|Any CPU
		{E84133CA-0B6F-4584-8251-83ED9DA7F8BC}.Release|Any CPU.ActiveCfg = Release|Any CPU
		{E84133CA-0B6F-4584-8251-83ED9DA7F8BC}.Release|Any CPU.Build.0 = Release|Any CPU
	EndGlobalSection
	GlobalSection(SolutionProperties) = preSolution
		HideSolutionNode = FALSE
	EndGlobalSection
	GlobalSection(NestedProjects) = preSolution
		{BF6A6CDD-89AA-4716-B8BE-59E9ADA937CC} = {53385364-FA9E-4692-83E4-8ADDC4CDE3E6}
		{5F21F580-5CEB-4785-A673-3797B7871E17} = {53385364-FA9E-4692-83E4-8ADDC4CDE3E6}
		{F3177D77-26D3-4A03-BBE5-392A762FBE97} = {53385364-FA9E-4692-83E4-8ADDC4CDE3E6}
		{07431C18-CD82-41D2-83F4-C907888883C3} = {904AA748-3893-4AF4-AE89-B73B0D4546EA}
		{EAEE1DE5-81BA-4F43-969C-284B720CC695} = {904AA748-3893-4AF4-AE89-B73B0D4546EA}
		{9344266A-BDBD-4F50-89D1-C64CF946E823} = {904AA748-3893-4AF4-AE89-B73B0D4546EA}
		{E84133CA-0B6F-4584-8251-83ED9DA7F8BC} = {904AA748-3893-4AF4-AE89-B73B0D4546EA}
	EndGlobalSection
	GlobalSection(ExtensibilityGlobals) = postSolution
		SolutionGuid = {5D2FCB14-F503-44A7-881A-010BFA6966E0}
	EndGlobalSection
EndGlobal
