
Microsoft Visual Studio Solution File, Format Version 12.00
# Visual Studio Version 17
VisualStudioVersion = 17.11.35005.142
MinimumVisualStudioVersion = 10.0.40219.1
Project("{2150E333-8FDC-42A3-9474-1A3956D46DE8}") = "NLayer", "NLayer", "{53385364-FA9E-4692-83E4-8ADDC4CDE3E6}"
EndProject
Project("{9A19103F-16F7-4668-BE54-9A1E7A4F7556}") = "DotNet8.Architectures.NLayer.Presentation", "DotNet8.Architectures.NLayer.Presentation\DotNet8.Architectures.NLayer.Presentation.csproj", "{BF6A6CDD-89AA-4716-B8BE-59E9ADA937CC}"
EndProject
Project("{9A19103F-16F7-4668-BE54-9A1E7A4F7556}") = "DotNet8.Architectures.NLayer.BusinessLogic", "DotNet8.Architectures.NLayer.BusinessLogic\DotNet8.Architectures.NLayer.BusinessLogic.csproj", "{5F21F580-5CEB-4785-A673-3797B7871E17}"
EndProject
Project("{9A19103F-16F7-4668-BE54-9A1E7A4F7556}") = "DotNet8.Architectures.NLayer.DataAccess", "DotNet8.Architectures.NLayer.DataAccess\DotNet8.Architectures.NLayer.DataAccess.csproj", "{F3177D77-26D3-4A03-BBE5-392A762FBE97}"
EndProject
Project("{2150E333-8FDC-42A3-9474-1A3956D46DE8}") = "Shared", "Shared", "{904AA748-3893-4AF4-AE89-B73B0D4546EA}"
EndProject
Project("{9A19103F-16F7-4668-BE54-9A1E7A4F7556}") = "DotNet8.Architectures.DbService", "DotNet8.Architectures.DbService\DotNet8.Architectures.DbService.csproj", "{07431C18-CD82-41D2-83F4-C907888883C3}"
EndProject
Project("{9A19103F-16F7-4668-BE54-9A1E7A4F7556}") = "DotNet8.Architectures.Shared", "DotNet8.Architectures.Shared\DotNet8.Architectures.Shared.csproj", "{EAEE1DE5-81BA-4F43-969C-284B720CC695}"
EndProject
Project("{9A19103F-16F7-4668-BE54-9A1E7A4F7556}") = "DotNet8.Architectures.DTOs", "DotNet8.Architectures.DTOs\DotNet8.Architectures.DTOs.csproj", "{9344266A-BDBD-4F50-89D1-C64CF946E823}"
EndProject
Project("{9A19103F-16F7-4668-BE54-9A1E7A4F7556}") = "DotNet8.Architectures.Utils", "DotNet8.Architectures.Utils\DotNet8.Architectures.Utils.csproj", "{E84133CA-0B6F-4584-8251-83ED9DA7F8BC}"
EndProject
Project("{9A19103F-16F7-4668-BE54-9A1E7A4F7556}") = "DotNet8.Architectures.Extensions", "DotNet8.Architectures.Extensions\DotNet8.Architectures.Extensions.csproj", "{ACCD42A3-54C9-45FF-A0C9-DE2E362FFF68}"
EndProject
Project("{2150E333-8FDC-42A3-9474-1A3956D46DE8}") = "Clean", "Clean", "{E4E970C6-69ED-4984-A67F-133DD9816CBC}"
EndProject
Project("{9A19103F-16F7-4668-BE54-9A1E7A4F7556}") = "DotNet8.Architectures.Clean.Domain", "DotNet8.Architectures.Clean.Domain\DotNet8.Architectures.Clean.Domain.csproj", "{D6C288FA-F33B-4632-869D-4B2D60F1320B}"
EndProject
Project("{9A19103F-16F7-4668-BE54-9A1E7A4F7556}") = "DotNet8.Architectures.Clean.Application", "DotNet8.Architectures.Clean.Application\DotNet8.Architectures.Clean.Application.csproj", "{16DA814E-6ACF-499F-9F40-1F1CA61E73F3}"
EndProject
Project("{9A19103F-16F7-4668-BE54-9A1E7A4F7556}") = "DotNet8.Architectures.Clean.Infrastructure", "DotNet8.Architectures.Clean.Infrastructure\DotNet8.Architectures.Clean.Infrastructure.csproj", "{0B3FC062-5CC7-479E-BF77-D7FF9934A21C}"
EndProject
Project("{9A19103F-16F7-4668-BE54-9A1E7A4F7556}") = "DotNet8.Architectures.Clean.Presentation", "DotNet8.Architectures.Clean.Presentation\DotNet8.Architectures.Clean.Presentation.csproj", "{E30512DB-D395-4A71-8DA8-2F48008D3013}"
EndProject
Project("{2150E333-8FDC-42A3-9474-1A3956D46DE8}") = "Hexagonal", "Hexagonal", "{FE1249B0-E48A-4869-9C35-7CDC5C1853A5}"
EndProject
Project("{9A19103F-16F7-4668-BE54-9A1E7A4F7556}") = "DotNet8.Architectures.Hexagonal.Domain", "DotNet8.Architectures.Hexagonal.Domain\DotNet8.Architectures.Hexagonal.Domain.csproj", "{BC5934C3-93D8-4EEB-A309-2FE2DCDC5A85}"
EndProject
Project("{9A19103F-16F7-4668-BE54-9A1E7A4F7556}") = "DotNet8.Architectures.Hexagonal.Infrastructure", "DotNet8.Architectures.Hexagonal.Infrastructure\DotNet8.Architectures.Hexagonal.Infrastructure.csproj", "{7F823BC7-B54A-4302-A216-4887F91339A6}"
EndProject
Project("{9A19103F-16F7-4668-BE54-9A1E7A4F7556}") = "DotNet8.Architectures.Hexagonal.API", "DotNet8.Architectures.Hexagonal.API\DotNet8.Architectures.Hexagonal.API.csproj", "{49BCED8A-82B9-455A-99FD-457169067718}"
EndProject
Project("{9A19103F-16F7-4668-BE54-9A1E7A4F7556}") = "DotNet8.Architectures.Hexagonal.Application", "DotNet8.Architectures.Hexagonal.Application\DotNet8.Architectures.Hexagonal.Application.csproj", "{B6BE1F4A-80BB-4B16-97E1-4813F7A4FE63}"
EndProject
Project("{2150E333-8FDC-42A3-9474-1A3956D46DE8}") = "src", "src", "{55672E7F-3218-4080-A7A3-F2A06F87011C}"
EndProject
Project("{2150E333-8FDC-42A3-9474-1A3956D46DE8}") = "src", "src", "{EEE069FA-FFCF-4CA4-A4D1-0656B5BC93F4}"
EndProject
Project("{2150E333-8FDC-42A3-9474-1A3956D46DE8}") = "src", "src", "{FFD8F7C1-776B-4DA3-B7E9-A99A8CE48528}"
EndProject
Project("{2150E333-8FDC-42A3-9474-1A3956D46DE8}") = "ModularMonolithic", "ModularMonolithic", "{332726A5-BB7F-4339-98D8-8D1DE261AF3E}"
EndProject
Project("{2150E333-8FDC-42A3-9474-1A3956D46DE8}") = "src", "src", "{1F591507-F7E5-499E-B757-6132C9C53188}"
EndProject
Project("{2150E333-8FDC-42A3-9474-1A3956D46DE8}") = "Modules", "Modules", "{3842A3D3-06D0-4695-BAF6-26D9877856DA}"
EndProject
Project("{9A19103F-16F7-4668-BE54-9A1E7A4F7556}") = "DotNet8.Architectures.ModularMonolithic.Modules.Domain", "DotNet8.Architectures.ModularMonolithic.Modules.Domain\DotNet8.Architectures.ModularMonolithic.Modules.Domain.csproj", "{F2F9AB72-2C45-4DEA-97EF-82A5D5ACD8FF}"
EndProject
Project("{9A19103F-16F7-4668-BE54-9A1E7A4F7556}") = "DotNet8.Architectures.ModularMonolithic.Modules.Application", "DotNet8.Architectures.ModularMonolithic.Modules.Application\DotNet8.Architectures.ModularMonolithic.Modules.Application.csproj", "{F337B1E7-2927-4F6B-92CC-3468ABEBEE78}"
EndProject
Project("{9A19103F-16F7-4668-BE54-9A1E7A4F7556}") = "DotNet8.Architectures.ModularMonolithic.Modules.Infrastructure", "DotNet8.Architectures.ModularMonolithic.Modules.Infrastructure\DotNet8.Architectures.ModularMonolithic.Modules.Infrastructure.csproj", "{0E705BB4-5D8E-4F07-81D4-55D6B3DD6F83}"
EndProject
Project("{9A19103F-16F7-4668-BE54-9A1E7A4F7556}") = "DotNet8.Architectures.ModularMonolithic.Modules.Presentation", "DotNet8.Architectures.ModularMonolithic.Modules.Presentation\DotNet8.Architectures.ModularMonolithic.Modules.Presentation.csproj", "{5C85CCAD-BEBC-4821-B656-190F7DB36C41}"
EndProject
Project("{2150E333-8FDC-42A3-9474-1A3956D46DE8}") = "Microservices", "Microservices", "{3EADC7BB-30CA-4033-8802-9C0288C95BBD}"
EndProject
Project("{2150E333-8FDC-42A3-9474-1A3956D46DE8}") = "gateway", "gateway", "{F4E81EC6-850E-45F1-B4B1-5AF5A8ABA56F}"
EndProject
Project("{2150E333-8FDC-42A3-9474-1A3956D46DE8}") = "src", "src", "{56966DAC-14AC-467A-A6B1-0E1C71783AAD}"
EndProject
Project("{9A19103F-16F7-4668-BE54-9A1E7A4F7556}") = "DotNet8.Architectures.Microservices.Gateway", "DotNet8.Architectures.Microservices.Gateway\DotNet8.Architectures.Microservices.Gateway.csproj", "{DBEF3A7A-4914-479B-B88E-CE192AAF13EB}"
EndProject
Project("{9A19103F-16F7-4668-BE54-9A1E7A4F7556}") = "DotNet8.Architectures.Microservices.Blog", "DotNet8.Architectures.Microservices.Blog\DotNet8.Architectures.Microservices.Blog.csproj", "{533DFD7E-FF34-4EDD-BE26-F7F808FA3BE1}"
EndProject
Project("{2150E333-8FDC-42A3-9474-1A3956D46DE8}") = "Blog", "Blog", "{CD41DEA8-1986-4DFB-A1B2-4F638EB9D051}"
EndProject
Global
	GlobalSection(SolutionConfigurationPlatforms) = preSolution
		Debug|Any CPU = Debug|Any CPU
		Release|Any CPU = Release|Any CPU
	EndGlobalSection
	GlobalSection(ProjectConfigurationPlatforms) = postSolution
		{BF6A6CDD-89AA-4716-B8BE-59E9ADA937CC}.Debug|Any CPU.ActiveCfg = Debug|Any CPU
		{BF6A6CDD-89AA-4716-B8BE-59E9ADA937CC}.Debug|Any CPU.Build.0 = Debug|Any CPU
		{BF6A6CDD-89AA-4716-B8BE-59E9ADA937CC}.Release|Any CPU.ActiveCfg = Release|Any CPU
		{BF6A6CDD-89AA-4716-B8BE-59E9ADA937CC}.Release|Any CPU.Build.0 = Release|Any CPU
		{5F21F580-5CEB-4785-A673-3797B7871E17}.Debug|Any CPU.ActiveCfg = Debug|Any CPU
		{5F21F580-5CEB-4785-A673-3797B7871E17}.Debug|Any CPU.Build.0 = Debug|Any CPU
		{5F21F580-5CEB-4785-A673-3797B7871E17}.Release|Any CPU.ActiveCfg = Release|Any CPU
		{5F21F580-5CEB-4785-A673-3797B7871E17}.Release|Any CPU.Build.0 = Release|Any CPU
		{F3177D77-26D3-4A03-BBE5-392A762FBE97}.Debug|Any CPU.ActiveCfg = Debug|Any CPU
		{F3177D77-26D3-4A03-BBE5-392A762FBE97}.Debug|Any CPU.Build.0 = Debug|Any CPU
		{F3177D77-26D3-4A03-BBE5-392A762FBE97}.Release|Any CPU.ActiveCfg = Release|Any CPU
		{F3177D77-26D3-4A03-BBE5-392A762FBE97}.Release|Any CPU.Build.0 = Release|Any CPU
		{07431C18-CD82-41D2-83F4-C907888883C3}.Debug|Any CPU.ActiveCfg = Debug|Any CPU
		{07431C18-CD82-41D2-83F4-C907888883C3}.Debug|Any CPU.Build.0 = Debug|Any CPU
		{07431C18-CD82-41D2-83F4-C907888883C3}.Release|Any CPU.ActiveCfg = Release|Any CPU
		{07431C18-CD82-41D2-83F4-C907888883C3}.Release|Any CPU.Build.0 = Release|Any CPU
		{EAEE1DE5-81BA-4F43-969C-284B720CC695}.Debug|Any CPU.ActiveCfg = Debug|Any CPU
		{EAEE1DE5-81BA-4F43-969C-284B720CC695}.Debug|Any CPU.Build.0 = Debug|Any CPU
		{EAEE1DE5-81BA-4F43-969C-284B720CC695}.Release|Any CPU.ActiveCfg = Release|Any CPU
		{EAEE1DE5-81BA-4F43-969C-284B720CC695}.Release|Any CPU.Build.0 = Release|Any CPU
		{9344266A-BDBD-4F50-89D1-C64CF946E823}.Debug|Any CPU.ActiveCfg = Debug|Any CPU
		{9344266A-BDBD-4F50-89D1-C64CF946E823}.Debug|Any CPU.Build.0 = Debug|Any CPU
		{9344266A-BDBD-4F50-89D1-C64CF946E823}.Release|Any CPU.ActiveCfg = Release|Any CPU
		{9344266A-BDBD-4F50-89D1-C64CF946E823}.Release|Any CPU.Build.0 = Release|Any CPU
		{E84133CA-0B6F-4584-8251-83ED9DA7F8BC}.Debug|Any CPU.ActiveCfg = Debug|Any CPU
		{E84133CA-0B6F-4584-8251-83ED9DA7F8BC}.Debug|Any CPU.Build.0 = Debug|Any CPU
		{E84133CA-0B6F-4584-8251-83ED9DA7F8BC}.Release|Any CPU.ActiveCfg = Release|Any CPU
		{E84133CA-0B6F-4584-8251-83ED9DA7F8BC}.Release|Any CPU.Build.0 = Release|Any CPU
		{ACCD42A3-54C9-45FF-A0C9-DE2E362FFF68}.Debug|Any CPU.ActiveCfg = Debug|Any CPU
		{ACCD42A3-54C9-45FF-A0C9-DE2E362FFF68}.Debug|Any CPU.Build.0 = Debug|Any CPU
		{ACCD42A3-54C9-45FF-A0C9-DE2E362FFF68}.Release|Any CPU.ActiveCfg = Release|Any CPU
		{ACCD42A3-54C9-45FF-A0C9-DE2E362FFF68}.Release|Any CPU.Build.0 = Release|Any CPU
		{D6C288FA-F33B-4632-869D-4B2D60F1320B}.Debug|Any CPU.ActiveCfg = Debug|Any CPU
		{D6C288FA-F33B-4632-869D-4B2D60F1320B}.Debug|Any CPU.Build.0 = Debug|Any CPU
		{D6C288FA-F33B-4632-869D-4B2D60F1320B}.Release|Any CPU.ActiveCfg = Release|Any CPU
		{D6C288FA-F33B-4632-869D-4B2D60F1320B}.Release|Any CPU.Build.0 = Release|Any CPU
		{16DA814E-6ACF-499F-9F40-1F1CA61E73F3}.Debug|Any CPU.ActiveCfg = Debug|Any CPU
		{16DA814E-6ACF-499F-9F40-1F1CA61E73F3}.Debug|Any CPU.Build.0 = Debug|Any CPU
		{16DA814E-6ACF-499F-9F40-1F1CA61E73F3}.Release|Any CPU.ActiveCfg = Release|Any CPU
		{16DA814E-6ACF-499F-9F40-1F1CA61E73F3}.Release|Any CPU.Build.0 = Release|Any CPU
		{0B3FC062-5CC7-479E-BF77-D7FF9934A21C}.Debug|Any CPU.ActiveCfg = Debug|Any CPU
		{0B3FC062-5CC7-479E-BF77-D7FF9934A21C}.Debug|Any CPU.Build.0 = Debug|Any CPU
		{0B3FC062-5CC7-479E-BF77-D7FF9934A21C}.Release|Any CPU.ActiveCfg = Release|Any CPU
		{0B3FC062-5CC7-479E-BF77-D7FF9934A21C}.Release|Any CPU.Build.0 = Release|Any CPU
		{E30512DB-D395-4A71-8DA8-2F48008D3013}.Debug|Any CPU.ActiveCfg = Debug|Any CPU
		{E30512DB-D395-4A71-8DA8-2F48008D3013}.Debug|Any CPU.Build.0 = Debug|Any CPU
		{E30512DB-D395-4A71-8DA8-2F48008D3013}.Release|Any CPU.ActiveCfg = Release|Any CPU
		{E30512DB-D395-4A71-8DA8-2F48008D3013}.Release|Any CPU.Build.0 = Release|Any CPU
		{BC5934C3-93D8-4EEB-A309-2FE2DCDC5A85}.Debug|Any CPU.ActiveCfg = Debug|Any CPU
		{BC5934C3-93D8-4EEB-A309-2FE2DCDC5A85}.Debug|Any CPU.Build.0 = Debug|Any CPU
		{BC5934C3-93D8-4EEB-A309-2FE2DCDC5A85}.Release|Any CPU.ActiveCfg = Release|Any CPU
		{BC5934C3-93D8-4EEB-A309-2FE2DCDC5A85}.Release|Any CPU.Build.0 = Release|Any CPU
		{7F823BC7-B54A-4302-A216-4887F91339A6}.Debug|Any CPU.ActiveCfg = Debug|Any CPU
		{7F823BC7-B54A-4302-A216-4887F91339A6}.Debug|Any CPU.Build.0 = Debug|Any CPU
		{7F823BC7-B54A-4302-A216-4887F91339A6}.Release|Any CPU.ActiveCfg = Release|Any CPU
		{7F823BC7-B54A-4302-A216-4887F91339A6}.Release|Any CPU.Build.0 = Release|Any CPU
		{49BCED8A-82B9-455A-99FD-457169067718}.Debug|Any CPU.ActiveCfg = Debug|Any CPU
		{49BCED8A-82B9-455A-99FD-457169067718}.Debug|Any CPU.Build.0 = Debug|Any CPU
		{49BCED8A-82B9-455A-99FD-457169067718}.Release|Any CPU.ActiveCfg = Release|Any CPU
		{49BCED8A-82B9-455A-99FD-457169067718}.Release|Any CPU.Build.0 = Release|Any CPU
		{B6BE1F4A-80BB-4B16-97E1-4813F7A4FE63}.Debug|Any CPU.ActiveCfg = Debug|Any CPU
		{B6BE1F4A-80BB-4B16-97E1-4813F7A4FE63}.Debug|Any CPU.Build.0 = Debug|Any CPU
		{B6BE1F4A-80BB-4B16-97E1-4813F7A4FE63}.Release|Any CPU.ActiveCfg = Release|Any CPU
		{B6BE1F4A-80BB-4B16-97E1-4813F7A4FE63}.Release|Any CPU.Build.0 = Release|Any CPU
		{F2F9AB72-2C45-4DEA-97EF-82A5D5ACD8FF}.Debug|Any CPU.ActiveCfg = Debug|Any CPU
		{F2F9AB72-2C45-4DEA-97EF-82A5D5ACD8FF}.Debug|Any CPU.Build.0 = Debug|Any CPU
		{F2F9AB72-2C45-4DEA-97EF-82A5D5ACD8FF}.Release|Any CPU.ActiveCfg = Release|Any CPU
		{F2F9AB72-2C45-4DEA-97EF-82A5D5ACD8FF}.Release|Any CPU.Build.0 = Release|Any CPU
		{F337B1E7-2927-4F6B-92CC-3468ABEBEE78}.Debug|Any CPU.ActiveCfg = Debug|Any CPU
		{F337B1E7-2927-4F6B-92CC-3468ABEBEE78}.Debug|Any CPU.Build.0 = Debug|Any CPU
		{F337B1E7-2927-4F6B-92CC-3468ABEBEE78}.Release|Any CPU.ActiveCfg = Release|Any CPU
		{F337B1E7-2927-4F6B-92CC-3468ABEBEE78}.Release|Any CPU.Build.0 = Release|Any CPU
		{0E705BB4-5D8E-4F07-81D4-55D6B3DD6F83}.Debug|Any CPU.ActiveCfg = Debug|Any CPU
		{0E705BB4-5D8E-4F07-81D4-55D6B3DD6F83}.Debug|Any CPU.Build.0 = Debug|Any CPU
		{0E705BB4-5D8E-4F07-81D4-55D6B3DD6F83}.Release|Any CPU.ActiveCfg = Release|Any CPU
		{0E705BB4-5D8E-4F07-81D4-55D6B3DD6F83}.Release|Any CPU.Build.0 = Release|Any CPU
		{5C85CCAD-BEBC-4821-B656-190F7DB36C41}.Debug|Any CPU.ActiveCfg = Debug|Any CPU
		{5C85CCAD-BEBC-4821-B656-190F7DB36C41}.Debug|Any CPU.Build.0 = Debug|Any CPU
		{5C85CCAD-BEBC-4821-B656-190F7DB36C41}.Release|Any CPU.ActiveCfg = Release|Any CPU
		{5C85CCAD-BEBC-4821-B656-190F7DB36C41}.Release|Any CPU.Build.0 = Release|Any CPU
		{DBEF3A7A-4914-479B-B88E-CE192AAF13EB}.Debug|Any CPU.ActiveCfg = Debug|Any CPU
		{DBEF3A7A-4914-479B-B88E-CE192AAF13EB}.Debug|Any CPU.Build.0 = Debug|Any CPU
		{DBEF3A7A-4914-479B-B88E-CE192AAF13EB}.Release|Any CPU.ActiveCfg = Release|Any CPU
		{DBEF3A7A-4914-479B-B88E-CE192AAF13EB}.Release|Any CPU.Build.0 = Release|Any CPU
		{533DFD7E-FF34-4EDD-BE26-F7F808FA3BE1}.Debug|Any CPU.ActiveCfg = Debug|Any CPU
		{533DFD7E-FF34-4EDD-BE26-F7F808FA3BE1}.Debug|Any CPU.Build.0 = Debug|Any CPU
		{533DFD7E-FF34-4EDD-BE26-F7F808FA3BE1}.Release|Any CPU.ActiveCfg = Release|Any CPU
		{533DFD7E-FF34-4EDD-BE26-F7F808FA3BE1}.Release|Any CPU.Build.0 = Release|Any CPU
	EndGlobalSection
	GlobalSection(SolutionProperties) = preSolution
		HideSolutionNode = FALSE
	EndGlobalSection
	GlobalSection(NestedProjects) = preSolution
		{BF6A6CDD-89AA-4716-B8BE-59E9ADA937CC} = {FFD8F7C1-776B-4DA3-B7E9-A99A8CE48528}
		{5F21F580-5CEB-4785-A673-3797B7871E17} = {FFD8F7C1-776B-4DA3-B7E9-A99A8CE48528}
		{F3177D77-26D3-4A03-BBE5-392A762FBE97} = {FFD8F7C1-776B-4DA3-B7E9-A99A8CE48528}
		{07431C18-CD82-41D2-83F4-C907888883C3} = {904AA748-3893-4AF4-AE89-B73B0D4546EA}
		{EAEE1DE5-81BA-4F43-969C-284B720CC695} = {904AA748-3893-4AF4-AE89-B73B0D4546EA}
		{9344266A-BDBD-4F50-89D1-C64CF946E823} = {904AA748-3893-4AF4-AE89-B73B0D4546EA}
		{E84133CA-0B6F-4584-8251-83ED9DA7F8BC} = {904AA748-3893-4AF4-AE89-B73B0D4546EA}
		{ACCD42A3-54C9-45FF-A0C9-DE2E362FFF68} = {904AA748-3893-4AF4-AE89-B73B0D4546EA}
		{D6C288FA-F33B-4632-869D-4B2D60F1320B} = {55672E7F-3218-4080-A7A3-F2A06F87011C}
		{16DA814E-6ACF-499F-9F40-1F1CA61E73F3} = {55672E7F-3218-4080-A7A3-F2A06F87011C}
		{0B3FC062-5CC7-479E-BF77-D7FF9934A21C} = {55672E7F-3218-4080-A7A3-F2A06F87011C}
		{E30512DB-D395-4A71-8DA8-2F48008D3013} = {55672E7F-3218-4080-A7A3-F2A06F87011C}
		{BC5934C3-93D8-4EEB-A309-2FE2DCDC5A85} = {EEE069FA-FFCF-4CA4-A4D1-0656B5BC93F4}
		{7F823BC7-B54A-4302-A216-4887F91339A6} = {EEE069FA-FFCF-4CA4-A4D1-0656B5BC93F4}
		{49BCED8A-82B9-455A-99FD-457169067718} = {EEE069FA-FFCF-4CA4-A4D1-0656B5BC93F4}
		{B6BE1F4A-80BB-4B16-97E1-4813F7A4FE63} = {EEE069FA-FFCF-4CA4-A4D1-0656B5BC93F4}
		{55672E7F-3218-4080-A7A3-F2A06F87011C} = {E4E970C6-69ED-4984-A67F-133DD9816CBC}
		{EEE069FA-FFCF-4CA4-A4D1-0656B5BC93F4} = {FE1249B0-E48A-4869-9C35-7CDC5C1853A5}
		{FFD8F7C1-776B-4DA3-B7E9-A99A8CE48528} = {53385364-FA9E-4692-83E4-8ADDC4CDE3E6}
		{1F591507-F7E5-499E-B757-6132C9C53188} = {332726A5-BB7F-4339-98D8-8D1DE261AF3E}
		{3842A3D3-06D0-4695-BAF6-26D9877856DA} = {1F591507-F7E5-499E-B757-6132C9C53188}
		{F2F9AB72-2C45-4DEA-97EF-82A5D5ACD8FF} = {CD41DEA8-1986-4DFB-A1B2-4F638EB9D051}
		{F337B1E7-2927-4F6B-92CC-3468ABEBEE78} = {CD41DEA8-1986-4DFB-A1B2-4F638EB9D051}
		{0E705BB4-5D8E-4F07-81D4-55D6B3DD6F83} = {CD41DEA8-1986-4DFB-A1B2-4F638EB9D051}
		{5C85CCAD-BEBC-4821-B656-190F7DB36C41} = {CD41DEA8-1986-4DFB-A1B2-4F638EB9D051}
		{F4E81EC6-850E-45F1-B4B1-5AF5A8ABA56F} = {3EADC7BB-30CA-4033-8802-9C0288C95BBD}
		{56966DAC-14AC-467A-A6B1-0E1C71783AAD} = {3EADC7BB-30CA-4033-8802-9C0288C95BBD}
		{DBEF3A7A-4914-479B-B88E-CE192AAF13EB} = {F4E81EC6-850E-45F1-B4B1-5AF5A8ABA56F}
		{533DFD7E-FF34-4EDD-BE26-F7F808FA3BE1} = {56966DAC-14AC-467A-A6B1-0E1C71783AAD}
		{CD41DEA8-1986-4DFB-A1B2-4F638EB9D051} = {3842A3D3-06D0-4695-BAF6-26D9877856DA}
	EndGlobalSection
	GlobalSection(ExtensibilityGlobals) = postSolution
		SolutionGuid = {5D2FCB14-F503-44A7-881A-010BFA6966E0}
	EndGlobalSection
EndGlobal
